version = 1
revision = 1
requires-python = ">=3.13"

[[package]]
name = "aichat"
version = "0.1.0"
source = { virtual = "." }
dependencies = [
    { name = "aiortc" },
]

[package.metadata]
requires-dist = [{ name = "aiortc", specifier = ">=1.10.1" }]

[[package]]
name = "aioice"
version = "0.9.0"
source = { registry = "https://pypi.org/simple" }
dependencies = [
    { name = "dnspython" },
    { name = "ifaddr" },
]
sdist = { url = "https://files.pythonhosted.org/packages/33/b6/e2b0e48ccb5b04fe29265e93f14a0915f416e359c897ae87d570566c430b/aioice-0.9.0.tar.gz", hash = "sha256:fc2401b1c4b6e19372eaaeaa28fd1bd9cbf6b0e412e48625297c53b495eebd1e", size = 40324 }
wheels = [
    { url = "https://files.pythonhosted.org/packages/b6/35/d21e48d3ba25d32aba5d142d54c4491376c659dd74d052a30dd25198007b/aioice-0.9.0-py3-none-any.whl", hash = "sha256:b609597a3a5a611e0004ff04772e16aceb881d51c25c0afc4ceac05d5e50024e", size = 24177 },
]

[[package]]
name = "aiortc"
version = "1.10.1"
source = { registry = "https://pypi.org/simple" }
dependencies = [
    { name = "aioice" },
    { name = "av" },
    { name = "cffi" },
    { name = "cryptography" },
    { name = "google-crc32c" },
    { name = "pyee" },
    { name = "pylibsrtp" },
    { name = "pyopenssl" },
]
sdist = { url = "https://files.pythonhosted.org/packages/8a/f8/408e092748521889c9d33dddcef920afd9891cf6db4615ba6b6bfe114ff8/aiortc-1.10.1.tar.gz", hash = "sha256:64926ad86bde20c1a4dacb7c3a164e57b522606b70febe261fada4acf79641b5", size = 1179406 }
wheels = [
    { url = "https://files.pythonhosted.org/packages/0a/6b/74547a30d1ddcc81f905ef4ff7fcc2c89b7482cb2045688f2aaa4fa918aa/aiortc-1.10.1-cp39-abi3-macosx_10_9_x86_64.whl", hash = "sha256:3bef536f38394b518aefae9dbf9cdd08f39e4c425f316f9692f0d8dc724810bd", size = 1218457 },
    { url = "https://files.pythonhosted.org/packages/46/92/b4ccf39cd18e366ace2a11dc7d98ed55967b4b325707386b5788149db15e/aiortc-1.10.1-cp39-abi3-macosx_11_0_arm64.whl", hash = "sha256:8842c02e38513d9432ef22982572833487bb015f23348fa10a690616dbf55143", size = 898855 },
    { url = "https://files.pythonhosted.org/packages/a4/e9/2676de48b493787d8b03129713e6bb2dfbacca2a565090f2a89cbad71f96/aiortc-1.10.1-cp39-abi3-manylinux_2_17_aarch64.manylinux2014_aarch64.whl", hash = "sha256:954a420de01c0bf6b07a0c58b662029b1c4204ddbd8f5c4162bbdebd43f882b1", size = 1750403 },
    { url = "https://files.pythonhosted.org/packages/c3/9d/ab6d09183cdaf5df060923d9bd5c9ed5fb1802661d9401dba35f3c85a57b/aiortc-1.10.1-cp39-abi3-manylinux_2_17_x86_64.manylinux2014_x86_64.whl", hash = "sha256:e7c0d46fb30307a9d7deb4b7d66f0b0e73b77a7221b063fb6dc78821a5d2aa1e", size = 1867886 },
    { url = "https://files.pythonhosted.org/packages/c2/71/0b5666e6b965dbd9a7f331aa827a6c3ab3eb4d582fefb686a7f4227b7954/aiortc-1.10.1-cp39-abi3-manylinux_2_5_i686.manylinux1_i686.manylinux_2_17_i686.manylinux2014_i686.whl", hash = "sha256:89582f6923046f79f15d9045f432bc78191eacc95f6bed18714e86ec935188d9", size = 1893709 },
    { url = "https://files.pythonhosted.org/packages/9d/0a/8c0c78fad79ef595a0ed6e2ab413900e6bd0eac65fc5c31c9d8736bff909/aiortc-1.10.1-cp39-abi3-win32.whl", hash = "sha256:d1cbe87f740b33ffaa8e905f21092773e74916be338b64b81c8b79af4c3847eb", size = 923265 },
    { url = "https://files.pythonhosted.org/packages/73/12/a27dd588a4988021da88cb4d338d8ee65ac097afc14e9193ab0be4a48790/aiortc-1.10.1-cp39-abi3-win_amd64.whl", hash = "sha256:c9a5a0b23f8a77540068faec8837fa0a65b0396c20f09116bdb874b75e0b6abe", size = 1009488 },
]

[[package]]
name = "av"
version = "13.1.0"
source = { registry = "https://pypi.org/simple" }
sdist = { url = "https://files.pythonhosted.org/packages/0c/9d/486d31e76784cc0ad943f420c5e05867263b32b37e2f4b0f7f22fdc1ca3a/av-13.1.0.tar.gz", hash = "sha256:d3da736c55847d8596eb8c26c60e036f193001db3bc5c10da8665622d906c17e", size = 3957908 }
wheels = [
    { url = "https://files.pythonhosted.org/packages/82/6e/cdce12e534570df37d3fdcb3a74851d39e9ab79d388f3174dea9785a011a/av-13.1.0-cp313-cp313-macosx_10_13_x86_64.whl", hash = "sha256:47642ebaebfe20519b2391bd5b7c38b596efcd052bfd09c8d33058f94ddd0fd6", size = 24229340 },
    { url = "https://files.pythonhosted.org/packages/7c/88/5359aeada9ea509426f2db63b6531833824a1b02470667b103479ddea7ae/av-13.1.0-cp313-cp313-macosx_11_0_arm64.whl", hash = "sha256:2f079c2daa3ae06557b3f6e9bed4fb9c876e8012175bec645ccd007199a302db", size = 19436445 },
    { url = "https://files.pythonhosted.org/packages/b4/d4/64995e5b800476c86dae4ea1444a0eac44e2c4985fac6401b08401e2df11/av-13.1.0-cp313-cp313-manylinux_2_17_aarch64.manylinux2014_aarch64.whl", hash = "sha256:1f0de8252deeeb1887637e88d4d9d18514e5cfe276bdb9e6ca8e9eef89d1667a", size = 32120549 },
    { url = "https://files.pythonhosted.org/packages/68/76/9910694cf87d2d308d851f5b2b5c5b20f7f55411f596e2c158fb13bf84a3/av-13.1.0-cp313-cp313-manylinux_2_17_i686.manylinux2014_i686.whl", hash = "sha256:9ad0024f4def11b0cedfeee478fa6c6fd7ed3955e13387e0f27261fdda6121b4", size = 31495305 },
    { url = "https://files.pythonhosted.org/packages/6a/a8/cd92de947b9595a0eb2c64e6f7ba295aac2687972050ae092173c2f6ea0c/av-13.1.0-cp313-cp313-manylinux_2_17_x86_64.manylinux2014_x86_64.whl", hash = "sha256:cb88e2590eaed45233eb117f1dfab1a43ed9a997b2c46da9f08468dd00f14895", size = 34065325 },
    { url = "https://files.pythonhosted.org/packages/9d/d0/9869fcbd66422df2033d4b78a663e3c64aa6fe7eb9189c811d60f69d9871/av-13.1.0-cp313-cp313-win_amd64.whl", hash = "sha256:c927e4fa4f6aeed4340b3e3b16b237d7cb743e5c1a55b92307407590ca4112aa", size = 25754728 },
]

[[package]]
name = "cffi"
version = "1.17.1"
source = { registry = "https://pypi.org/simple" }
dependencies = [
    { name = "pycparser" },
]
sdist = { url = "https://files.pythonhosted.org/packages/fc/97/c783634659c2920c3fc70419e3af40972dbaf758daa229a7d6ea6135c90d/cffi-1.17.1.tar.gz", hash = "sha256:1c39c6016c32bc48dd54561950ebd6836e1670f2ae46128f67cf49e789c52824", size = 516621 }
wheels = [
    { url = "https://files.pythonhosted.org/packages/8d/f8/dd6c246b148639254dad4d6803eb6a54e8c85c6e11ec9df2cffa87571dbe/cffi-1.17.1-cp313-cp313-macosx_10_13_x86_64.whl", hash = "sha256:f3a2b4222ce6b60e2e8b337bb9596923045681d71e5a082783484d845390938e", size = 182989 },
    { url = "https://files.pythonhosted.org/packages/8b/f1/672d303ddf17c24fc83afd712316fda78dc6fce1cd53011b839483e1ecc8/cffi-1.17.1-cp313-cp313-macosx_11_0_arm64.whl", hash = "sha256:0984a4925a435b1da406122d4d7968dd861c1385afe3b45ba82b750f229811e2", size = 178802 },
    { url = "https://files.pythonhosted.org/packages/0e/2d/eab2e858a91fdff70533cab61dcff4a1f55ec60425832ddfdc9cd36bc8af/cffi-1.17.1-cp313-cp313-manylinux_2_12_i686.manylinux2010_i686.manylinux_2_17_i686.manylinux2014_i686.whl", hash = "sha256:d01b12eeeb4427d3110de311e1774046ad344f5b1a7403101878976ecd7a10f3", size = 454792 },
    { url = "https://files.pythonhosted.org/packages/75/b2/fbaec7c4455c604e29388d55599b99ebcc250a60050610fadde58932b7ee/cffi-1.17.1-cp313-cp313-manylinux_2_17_aarch64.manylinux2014_aarch64.whl", hash = "sha256:706510fe141c86a69c8ddc029c7910003a17353970cff3b904ff0686a5927683", size = 478893 },
    { url = "https://files.pythonhosted.org/packages/4f/b7/6e4a2162178bf1935c336d4da8a9352cccab4d3a5d7914065490f08c0690/cffi-1.17.1-cp313-cp313-manylinux_2_17_ppc64le.manylinux2014_ppc64le.whl", hash = "sha256:de55b766c7aa2e2a3092c51e0483d700341182f08e67c63630d5b6f200bb28e5", size = 485810 },
    { url = "https://files.pythonhosted.org/packages/c7/8a/1d0e4a9c26e54746dc08c2c6c037889124d4f59dffd853a659fa545f1b40/cffi-1.17.1-cp313-cp313-manylinux_2_17_s390x.manylinux2014_s390x.whl", hash = "sha256:c59d6e989d07460165cc5ad3c61f9fd8f1b4796eacbd81cee78957842b834af4", size = 471200 },
    { url = "https://files.pythonhosted.org/packages/26/9f/1aab65a6c0db35f43c4d1b4f580e8df53914310afc10ae0397d29d697af4/cffi-1.17.1-cp313-cp313-manylinux_2_17_x86_64.manylinux2014_x86_64.whl", hash = "sha256:dd398dbc6773384a17fe0d3e7eeb8d1a21c2200473ee6806bb5e6a8e62bb73dd", size = 479447 },
    { url = "https://files.pythonhosted.org/packages/5f/e4/fb8b3dd8dc0e98edf1135ff067ae070bb32ef9d509d6cb0f538cd6f7483f/cffi-1.17.1-cp313-cp313-musllinux_1_1_aarch64.whl", hash = "sha256:3edc8d958eb099c634dace3c7e16560ae474aa3803a5df240542b305d14e14ed", size = 484358 },
    { url = "https://files.pythonhosted.org/packages/f1/47/d7145bf2dc04684935d57d67dff9d6d795b2ba2796806bb109864be3a151/cffi-1.17.1-cp313-cp313-musllinux_1_1_x86_64.whl", hash = "sha256:72e72408cad3d5419375fc87d289076ee319835bdfa2caad331e377589aebba9", size = 488469 },
    { url = "https://files.pythonhosted.org/packages/bf/ee/f94057fa6426481d663b88637a9a10e859e492c73d0384514a17d78ee205/cffi-1.17.1-cp313-cp313-win32.whl", hash = "sha256:e03eab0a8677fa80d646b5ddece1cbeaf556c313dcfac435ba11f107ba117b5d", size = 172475 },
    { url = "https://files.pythonhosted.org/packages/7c/fc/6a8cb64e5f0324877d503c854da15d76c1e50eb722e320b15345c4d0c6de/cffi-1.17.1-cp313-cp313-win_amd64.whl", hash = "sha256:f6a16c31041f09ead72d69f583767292f750d24913dadacf5756b966aacb3f1a", size = 182009 },
]

[[package]]
name = "cryptography"
version = "44.0.2"
source = { registry = "https://pypi.org/simple" }
dependencies = [
    { name = "cffi", marker = "platform_python_implementation != 'PyPy'" },
]
sdist = { url = "https://files.pythonhosted.org/packages/cd/25/4ce80c78963834b8a9fd1cc1266be5ed8d1840785c0f2e1b73b8d128d505/cryptography-44.0.2.tar.gz", hash = "sha256:c63454aa261a0cf0c5b4718349629793e9e634993538db841165b3df74f37ec0", size = 710807 }
wheels = [
    { url = "https://files.pythonhosted.org/packages/92/ef/83e632cfa801b221570c5f58c0369db6fa6cef7d9ff859feab1aae1a8a0f/cryptography-44.0.2-cp37-abi3-macosx_10_9_universal2.whl", hash = "sha256:efcfe97d1b3c79e486554efddeb8f6f53a4cdd4cf6086642784fa31fc384e1d7", size = 6676361 },
    { url = "https://files.pythonhosted.org/packages/30/ec/7ea7c1e4c8fc8329506b46c6c4a52e2f20318425d48e0fe597977c71dbce/cryptography-44.0.2-cp37-abi3-manylinux_2_17_aarch64.manylinux2014_aarch64.whl", hash = "sha256:29ecec49f3ba3f3849362854b7253a9f59799e3763b0c9d0826259a88efa02f1", size = 3952350 },
    { url = "https://files.pythonhosted.org/packages/27/61/72e3afdb3c5ac510330feba4fc1faa0fe62e070592d6ad00c40bb69165e5/cryptography-44.0.2-cp37-abi3-manylinux_2_17_x86_64.manylinux2014_x86_64.whl", hash = "sha256:bc821e161ae88bfe8088d11bb39caf2916562e0a2dc7b6d56714a48b784ef0bb", size = 4166572 },
    { url = "https://files.pythonhosted.org/packages/26/e4/ba680f0b35ed4a07d87f9e98f3ebccb05091f3bf6b5a478b943253b3bbd5/cryptography-44.0.2-cp37-abi3-manylinux_2_28_aarch64.whl", hash = "sha256:3c00b6b757b32ce0f62c574b78b939afab9eecaf597c4d624caca4f9e71e7843", size = 3958124 },
    { url = "https://files.pythonhosted.org/packages/9c/e8/44ae3e68c8b6d1cbc59040288056df2ad7f7f03bbcaca6b503c737ab8e73/cryptography-44.0.2-cp37-abi3-manylinux_2_28_armv7l.manylinux_2_31_armv7l.whl", hash = "sha256:7bdcd82189759aba3816d1f729ce42ffded1ac304c151d0a8e89b9996ab863d5", size = 3678122 },
    { url = "https://files.pythonhosted.org/packages/27/7b/664ea5e0d1eab511a10e480baf1c5d3e681c7d91718f60e149cec09edf01/cryptography-44.0.2-cp37-abi3-manylinux_2_28_x86_64.whl", hash = "sha256:4973da6ca3db4405c54cd0b26d328be54c7747e89e284fcff166132eb7bccc9c", size = 4191831 },
    { url = "https://files.pythonhosted.org/packages/2a/07/79554a9c40eb11345e1861f46f845fa71c9e25bf66d132e123d9feb8e7f9/cryptography-44.0.2-cp37-abi3-manylinux_2_34_aarch64.whl", hash = "sha256:4e389622b6927d8133f314949a9812972711a111d577a5d1f4bee5e58736b80a", size = 3960583 },
    { url = "https://files.pythonhosted.org/packages/bb/6d/858e356a49a4f0b591bd6789d821427de18432212e137290b6d8a817e9bf/cryptography-44.0.2-cp37-abi3-manylinux_2_34_x86_64.whl", hash = "sha256:f514ef4cd14bb6fb484b4a60203e912cfcb64f2ab139e88c2274511514bf7308", size = 4191753 },
    { url = "https://files.pythonhosted.org/packages/b2/80/62df41ba4916067fa6b125aa8c14d7e9181773f0d5d0bd4dcef580d8b7c6/cryptography-44.0.2-cp37-abi3-musllinux_1_2_aarch64.whl", hash = "sha256:1bc312dfb7a6e5d66082c87c34c8a62176e684b6fe3d90fcfe1568de675e6688", size = 4079550 },
    { url = "https://files.pythonhosted.org/packages/f3/cd/2558cc08f7b1bb40683f99ff4327f8dcfc7de3affc669e9065e14824511b/cryptography-44.0.2-cp37-abi3-musllinux_1_2_x86_64.whl", hash = "sha256:3b721b8b4d948b218c88cb8c45a01793483821e709afe5f622861fc6182b20a7", size = 4298367 },
    { url = "https://files.pythonhosted.org/packages/71/59/94ccc74788945bc3bd4cf355d19867e8057ff5fdbcac781b1ff95b700fb1/cryptography-44.0.2-cp37-abi3-win32.whl", hash = "sha256:51e4de3af4ec3899d6d178a8c005226491c27c4ba84101bfb59c901e10ca9f79", size = 2772843 },
    { url = "https://files.pythonhosted.org/packages/ca/2c/0d0bbaf61ba05acb32f0841853cfa33ebb7a9ab3d9ed8bb004bd39f2da6a/cryptography-44.0.2-cp37-abi3-win_amd64.whl", hash = "sha256:c505d61b6176aaf982c5717ce04e87da5abc9a36a5b39ac03905c4aafe8de7aa", size = 3209057 },
    { url = "https://files.pythonhosted.org/packages/9e/be/7a26142e6d0f7683d8a382dd963745e65db895a79a280a30525ec92be890/cryptography-44.0.2-cp39-abi3-macosx_10_9_universal2.whl", hash = "sha256:8e0ddd63e6bf1161800592c71ac794d3fb8001f2caebe0966e77c5234fa9efc3", size = 6677789 },
    { url = "https://files.pythonhosted.org/packages/06/88/638865be7198a84a7713950b1db7343391c6066a20e614f8fa286eb178ed/cryptography-44.0.2-cp39-abi3-manylinux_2_17_aarch64.manylinux2014_aarch64.whl", hash = "sha256:81276f0ea79a208d961c433a947029e1a15948966658cf6710bbabb60fcc2639", size = 3951919 },
    { url = "https://files.pythonhosted.org/packages/d7/fc/99fe639bcdf58561dfad1faa8a7369d1dc13f20acd78371bb97a01613585/cryptography-44.0.2-cp39-abi3-manylinux_2_17_x86_64.manylinux2014_x86_64.whl", hash = "sha256:9a1e657c0f4ea2a23304ee3f964db058c9e9e635cc7019c4aa21c330755ef6fd", size = 4167812 },
    { url = "https://files.pythonhosted.org/packages/53/7b/aafe60210ec93d5d7f552592a28192e51d3c6b6be449e7fd0a91399b5d07/cryptography-44.0.2-cp39-abi3-manylinux_2_28_aarch64.whl", hash = "sha256:6210c05941994290f3f7f175a4a57dbbb2afd9273657614c506d5976db061181", size = 3958571 },
    { url = "https://files.pythonhosted.org/packages/16/32/051f7ce79ad5a6ef5e26a92b37f172ee2d6e1cce09931646eef8de1e9827/cryptography-44.0.2-cp39-abi3-manylinux_2_28_armv7l.manylinux_2_31_armv7l.whl", hash = "sha256:d1c3572526997b36f245a96a2b1713bf79ce99b271bbcf084beb6b9b075f29ea", size = 3679832 },
    { url = "https://files.pythonhosted.org/packages/78/2b/999b2a1e1ba2206f2d3bca267d68f350beb2b048a41ea827e08ce7260098/cryptography-44.0.2-cp39-abi3-manylinux_2_28_x86_64.whl", hash = "sha256:b042d2a275c8cee83a4b7ae30c45a15e6a4baa65a179a0ec2d78ebb90e4f6699", size = 4193719 },
    { url = "https://files.pythonhosted.org/packages/72/97/430e56e39a1356e8e8f10f723211a0e256e11895ef1a135f30d7d40f2540/cryptography-44.0.2-cp39-abi3-manylinux_2_34_aarch64.whl", hash = "sha256:d03806036b4f89e3b13b6218fefea8d5312e450935b1a2d55f0524e2ed7c59d9", size = 3960852 },
    { url = "https://files.pythonhosted.org/packages/89/33/c1cf182c152e1d262cac56850939530c05ca6c8d149aa0dcee490b417e99/cryptography-44.0.2-cp39-abi3-manylinux_2_34_x86_64.whl", hash = "sha256:c7362add18b416b69d58c910caa217f980c5ef39b23a38a0880dfd87bdf8cd23", size = 4193906 },
    { url = "https://files.pythonhosted.org/packages/e1/99/87cf26d4f125380dc674233971069bc28d19b07f7755b29861570e513650/cryptography-44.0.2-cp39-abi3-musllinux_1_2_aarch64.whl", hash = "sha256:8cadc6e3b5a1f144a039ea08a0bdb03a2a92e19c46be3285123d32029f40a922", size = 4081572 },
    { url = "https://files.pythonhosted.org/packages/b3/9f/6a3e0391957cc0c5f84aef9fbdd763035f2b52e998a53f99345e3ac69312/cryptography-44.0.2-cp39-abi3-musllinux_1_2_x86_64.whl", hash = "sha256:6f101b1f780f7fc613d040ca4bdf835c6ef3b00e9bd7125a4255ec574c7916e4", size = 4298631 },
    { url = "https://files.pythonhosted.org/packages/e2/a5/5bc097adb4b6d22a24dea53c51f37e480aaec3465285c253098642696423/cryptography-44.0.2-cp39-abi3-win32.whl", hash = "sha256:3dc62975e31617badc19a906481deacdeb80b4bb454394b4098e3f2525a488c5", size = 2773792 },
    { url = "https://files.pythonhosted.org/packages/33/cf/1f7649b8b9a3543e042d3f348e398a061923ac05b507f3f4d95f11938aa9/cryptography-44.0.2-cp39-abi3-win_amd64.whl", hash = "sha256:5f6f90b72d8ccadb9c6e311c775c8305381db88374c65fa1a68250aa8a9cb3a6", size = 3210957 },
]

[[package]]
name = "dnspython"
version = "2.7.0"
source = { registry = "https://pypi.org/simple" }
sdist = { url = "https://files.pythonhosted.org/packages/b5/4a/263763cb2ba3816dd94b08ad3a33d5fdae34ecb856678773cc40a3605829/dnspython-2.7.0.tar.gz", hash = "sha256:ce9c432eda0dc91cf618a5cedf1a4e142651196bbcd2c80e89ed5a907e5cfaf1", size = 345197 }
wheels = [
    { url = "https://files.pythonhosted.org/packages/68/1b/e0a87d256e40e8c888847551b20a017a6b98139178505dc7ffb96f04e954/dnspython-2.7.0-py3-none-any.whl", hash = "sha256:b4c34b7d10b51bcc3a5071e7b8dee77939f1e878477eeecc965e9835f63c6c86", size = 313632 },
]

[[package]]
name = "google-crc32c"
version = "1.7.0"
source = { registry = "https://pypi.org/simple" }
sdist = { url = "https://files.pythonhosted.org/packages/fd/c6/bd09366753b49353895ed73bad74574d9086b26b53bb5b9213962009719a/google_crc32c-1.7.0.tar.gz", hash = "sha256:c8c15a04b290c7556f277acc55ad98503a8bc0893ea6860fd5b5d210f3f558ce", size = 14546 }
wheels = [
    { url = "https://files.pythonhosted.org/packages/91/aa/2a7344796fb684c926d0002196e407453509e677b9eab8d562a5702e5f83/google_crc32c-1.7.0-cp313-cp313-macosx_12_0_arm64.whl", hash = "sha256:76bb19d182b999f9c9d580b1d7ab6e9334ab23dd669bf91f501812103408c85b", size = 30306 },
    { url = "https://files.pythonhosted.org/packages/24/8a/e2d52d4111d3ef48e0a8b2324e80b600f6c5339dae9827744b94325a0b6a/google_crc32c-1.7.0-cp313-cp313-macosx_12_0_x86_64.whl", hash = "sha256:6a40522958040051c755a173eb98c05ad4d64a6dd898888c3e5ccca2d1cbdcdc", size = 30149 },
    { url = "https://files.pythonhosted.org/packages/da/60/8cd1605391da56c55db67ef64660e72b89787755a271ebe04f9418320b19/google_crc32c-1.7.0-cp313-cp313-manylinux_2_17_aarch64.manylinux2014_aarch64.whl", hash = "sha256:f714fe5cdf5007d7064c57cf7471a99e0cbafda24ddfa829117fc3baafa424f7", size = 32972 },
    { url = "https://files.pythonhosted.org/packages/3d/65/065ffe1bb324709e7704205261b429588ed17bbde8b7940eb12b140a6082/google_crc32c-1.7.0-cp313-cp313-manylinux_2_17_x86_64.manylinux2014_x86_64.whl", hash = "sha256:f04e58dbe1bf0c9398e603a9be5aaa09e0ba7eb022a3293195d8749459a01069", size = 32616 },
    { url = "https://files.pythonhosted.org/packages/1b/30/51b10f995be9bd09551d050117c571f9749297717fcc2e7946e242eb4830/google_crc32c-1.7.0-cp313-cp313t-manylinux_2_17_aarch64.manylinux2014_aarch64.whl", hash = "sha256:364067b063664dd8d1fec75a3fe85edf05c46f688365269beccaf42ef5dfe889", size = 33080 },
    { url = "https://files.pythonhosted.org/packages/4d/ec/a7ca773559c7ab6919ac0255d84c74571c8cecf0e8891036705f6861c04d/google_crc32c-1.7.0-cp313-cp313t-manylinux_2_17_x86_64.manylinux2014_x86_64.whl", hash = "sha256:e1b0d6044799f6ac51d1cc2decb997280a83c448b3bef517a54b57a3b71921c0", size = 32708 },
]

[[package]]
name = "ifaddr"
version = "0.2.0"
source = { registry = "https://pypi.org/simple" }
sdist = { url = "https://files.pythonhosted.org/packages/e8/ac/fb4c578f4a3256561548cd825646680edcadb9440f3f68add95ade1eb791/ifaddr-0.2.0.tar.gz", hash = "sha256:cc0cbfcaabf765d44595825fb96a99bb12c79716b73b44330ea38ee2b0c4aed4", size = 10485 }
wheels = [
    { url = "https://files.pythonhosted.org/packages/9c/1f/19ebc343cc71a7ffa78f17018535adc5cbdd87afb31d7c34874680148b32/ifaddr-0.2.0-py3-none-any.whl", hash = "sha256:085e0305cfe6f16ab12d72e2024030f5d52674afad6911bb1eee207177b8a748", size = 12314 },
]

[[package]]
name = "pycparser"
version = "2.22"
source = { registry = "https://pypi.org/simple" }
sdist = { url = "https://files.pythonhosted.org/packages/1d/b2/31537cf4b1ca988837256c910a668b553fceb8f069bedc4b1c826024b52c/pycparser-2.22.tar.gz", hash = "sha256:491c8be9c040f5390f5bf44a5b07752bd07f56edf992381b05c701439eec10f6", size = 172736 }
wheels = [
    { url = "https://files.pythonhosted.org/packages/13/a3/a812df4e2dd5696d1f351d58b8fe16a405b234ad2886a0dab9183fb78109/pycparser-2.22-py3-none-any.whl", hash = "sha256:c3702b6d3dd8c7abc1afa565d7e63d53a1d0bd86cdc24edd75470f4de499cfcc", size = 117552 },
]

[[package]]
name = "pyee"
version = "13.0.0"
source = { registry = "https://pypi.org/simple" }
dependencies = [
    { name = "typing-extensions" },
]
sdist = { url = "https://files.pythonhosted.org/packages/95/03/1fd98d5841cd7964a27d729ccf2199602fe05eb7a405c1462eb7277945ed/pyee-13.0.0.tar.gz", hash = "sha256:b391e3c5a434d1f5118a25615001dbc8f669cf410ab67d04c4d4e07c55481c37", size = 31250 }
wheels = [
    { url = "https://files.pythonhosted.org/packages/9b/4d/b9add7c84060d4c1906abe9a7e5359f2a60f7a9a4f67268b2766673427d8/pyee-13.0.0-py3-none-any.whl", hash = "sha256:48195a3cddb3b1515ce0695ed76036b5ccc2ef3a9f963ff9f77aec0139845498", size = 15730 },
]

[[package]]
name = "pylibsrtp"
version = "0.11.0"
source = { registry = "https://pypi.org/simple" }
dependencies = [
    { name = "cffi" },
]
sdist = { url = "https://files.pythonhosted.org/packages/2e/49/1c5101ecfeda540699e0754dddfc91c401fbf736ebe99d66e59fe3dad2ba/pylibsrtp-0.11.0.tar.gz", hash = "sha256:5a8d19b1448baebde5ae3cedfa51f10e8ada3d9d99f43046ced0ecf1c105b8ec", size = 10786 }
wheels = [
    { url = "https://files.pythonhosted.org/packages/b5/95/65650bf56e1080beb5f7c963a0bb11a6ee7599bfd89b33ff4525d2b5824b/pylibsrtp-0.11.0-cp39-abi3-macosx_10_9_x86_64.whl", hash = "sha256:36c6b33347d47c889b7dd465c6ae1f44d7705d00436ca613fd2a8f5dd401b104", size = 1727506 },
    { url = "https://files.pythonhosted.org/packages/4e/b0/f12c489ea8716e74343559abc5d0dfb94d66bcfe1924d64d58424a50f496/pylibsrtp-0.11.0-cp39-abi3-macosx_11_0_arm64.whl", hash = "sha256:cf18b80f9513484a70e55136ece6ec80e7d21c03cc69abbb428e4f2745ca3cee", size = 2058008 },
    { url = "https://files.pythonhosted.org/packages/e1/2e/6040cd6da6f82f3aa1763c8c45f7fcfdfe08db5560c73f5e1deb4c36c2bb/pylibsrtp-0.11.0-cp39-abi3-manylinux_2_17_aarch64.manylinux2014_aarch64.whl", hash = "sha256:81bbe0cd777979f7fc45c85f0c619c9cbe709faffbf91675d9dcce560734b353", size = 2566705 },
    { url = "https://files.pythonhosted.org/packages/2b/c9/fd313ac3a23e9c45493131d9fa3463770289e59bb8422c6c6877ab3add40/pylibsrtp-0.11.0-cp39-abi3-manylinux_2_17_i686.manylinux2014_i686.whl", hash = "sha256:78fcdfe63925ea9a5017884c31fe9687b9b8b9f7d9beb7e25e3be47aa6ece495", size = 2168163 },
    { url = "https://files.pythonhosted.org/packages/f9/b3/ae0bac50cc0cca4b8c14de8063ba410ed3edd82c71a2315f284c9be7d679/pylibsrtp-0.11.0-cp39-abi3-manylinux_2_17_x86_64.manylinux2014_x86_64.whl", hash = "sha256:1909f7e781a7675d5c92cbad9e7ed3642e626e2bea5834243e423976e5420ac3", size = 2224343 },
    { url = "https://files.pythonhosted.org/packages/51/c4/650c2cecd5810f84adc89f3a94a28ea02d7ac8eaf3ee718a629c6f8ebf09/pylibsrtp-0.11.0-cp39-abi3-win32.whl", hash = "sha256:15123cecd377248747c95de9305ac314f3bcccdae46022bb4b9d60a552a26a10", size = 1156330 },
    { url = "https://files.pythonhosted.org/packages/fe/78/724307095b95c937e54c48133be3e85779cebea770f7536be555217b31f2/pylibsrtp-0.11.0-cp39-abi3-win_amd64.whl", hash = "sha256:bea2fb98029d19de516538b13c4827b6474d6f85d9ea50fae349e9671b946f7a", size = 1486448 },
]

[[package]]
name = "pyopenssl"
version = "25.0.0"
source = { registry = "https://pypi.org/simple" }
dependencies = [
    { name = "cryptography" },
]
sdist = { url = "https://files.pythonhosted.org/packages/9f/26/e25b4a374b4639e0c235527bbe31c0524f26eda701d79456a7e1877f4cc5/pyopenssl-25.0.0.tar.gz", hash = "sha256:cd2cef799efa3936bb08e8ccb9433a575722b9dd986023f1cabc4ae64e9dac16", size = 179573 }
wheels = [
    { url = "https://files.pythonhosted.org/packages/ca/d7/eb76863d2060dcbe7c7e6cccfd95ac02ea0b9acc37745a0d99ff6457aefb/pyOpenSSL-25.0.0-py3-none-any.whl", hash = "sha256:424c247065e46e76a37411b9ab1782541c23bb658bf003772c3405fbaa128e90", size = 56453 },
]

[[package]]
name = "typing-extensions"
version = "4.12.2"
source = { registry = "https://pypi.org/simple" }
sdist = { url = "https://files.pythonhosted.org/packages/df/db/f35a00659bc03fec321ba8bce9420de607a1d37f8342eee1863174c69557/typing_extensions-4.12.2.tar.gz", hash = "sha256:1a7ead55c7e559dd4dee8856e3a88b41225abfe1ce8df57b7c13915fe121ffb8", size = 85321 }
wheels = [
    { url = "https://files.pythonhosted.org/packages/26/9f/ad63fc0248c5379346306f8668cda6e2e2e9c95e01216d2b8ffd9ff037d0/typing_extensions-4.12.2-py3-none-any.whl", hash = "sha256:04e5ca0351e0f3f85c6853954072df659d0d13fac324d0072316b67d7794700d", size = 37438 },
]
